
Microsoft Visual Studio Solution File, Format Version 12.00
# Visual Studio Version 17
VisualStudioVersion = 17.7.34202.233
MinimumVisualStudioVersion = 10.0.40219.1
Project("{9A19103F-16F7-4668-BE54-9A1E7A4F7556}") = "AplikacjaDotNetProjekt", "AplikacjaDotNetProjekt\AplikacjaDotNetProjekt.csproj", "{9CF376F0-B967-4E23-926B-C28DCBF3AC69}"
EndProject
Project("{FAE04EC0-301F-11D3-BF4B-00C04F79EFBC}") = "AddProductLibrary", "AddProductLibrary\AddProductLibrary.csproj", "{0D594D92-449C-4848-9AA0-DA82EFC5DD34}"
EndProject
Global
	GlobalSection(SolutionConfigurationPlatforms) = preSolution
		Debug|Any CPU = Debug|Any CPU
		Release|Any CPU = Release|Any CPU
	EndGlobalSection
	GlobalSection(ProjectConfigurationPlatforms) = postSolution
		{9CF376F0-B967-4E23-926B-C28DCBF3AC69}.Debug|Any CPU.ActiveCfg = Debug|Any CPU
		{9CF376F0-B967-4E23-926B-C28DCBF3AC69}.Debug|Any CPU.Build.0 = Debug|Any CPU
		{9CF376F0-B967-4E23-926B-C28DCBF3AC69}.Release|Any CPU.ActiveCfg = Release|Any CPU
		{9CF376F0-B967-4E23-926B-C28DCBF3AC69}.Release|Any CPU.Build.0 = Release|Any CPU
		{0D594D92-449C-4848-9AA0-DA82EFC5DD34}.Debug|Any CPU.ActiveCfg = Debug|Any CPU
		{0D594D92-449C-4848-9AA0-DA82EFC5DD34}.Debug|Any CPU.Build.0 = Debug|Any CPU
		{0D594D92-449C-4848-9AA0-DA82EFC5DD34}.Release|Any CPU.ActiveCfg = Release|Any CPU
		{0D594D92-449C-4848-9AA0-DA82EFC5DD34}.Release|Any CPU.Build.0 = Release|Any CPU
	EndGlobalSection
	GlobalSection(SolutionProperties) = preSolution
		HideSolutionNode = FALSE
	EndGlobalSection
	GlobalSection(ExtensibilityGlobals) = postSolution
		SolutionGuid = {64D27B0F-C10C-42A2-943C-5250D111E90B}
	EndGlobalSection
EndGlobal
